
Microsoft Visual Studio Solution File, Format Version 12.00
# Visual Studio Version 17
VisualStudioVersion = 17.3.32929.385
MinimumVisualStudioVersion = 10.0.40219.1
Project("{FAE04EC0-301F-11D3-BF4B-00C04F79EFBC}") = "AdventOfCode", "AdventOfCode\AdventOfCode.csproj", "{FD5134ED-3C39-4C33-BE76-B428E606A108}"
EndProject
Global
	GlobalSection(SolutionConfigurationPlatforms) = preSolution
		Debug|Any CPU = Debug|Any CPU
		Release|Any CPU = Release|Any CPU
	EndGlobalSection
	GlobalSection(ProjectConfigurationPlatforms) = postSolution
		{FD5134ED-3C39-4C33-BE76-B428E606A108}.Debug|Any CPU.ActiveCfg = Debug|Any CPU
		{FD5134ED-3C39-4C33-BE76-B428E606A108}.Debug|Any CPU.Build.0 = Debug|Any CPU
		{FD5134ED-3C39-4C33-BE76-B428E606A108}.Release|Any CPU.ActiveCfg = Release|Any CPU
		{FD5134ED-3C39-4C33-BE76-B428E606A108}.Release|Any CPU.Build.0 = Release|Any CPU
	EndGlobalSection
	GlobalSection(SolutionProperties) = preSolution
		HideSolutionNode = FALSE
	EndGlobalSection
	GlobalSection(ExtensibilityGlobals) = postSolution
		SolutionGuid = {72D7A29A-B1FE-40A4-B5F2-BB4BEA991018}
	EndGlobalSection
EndGlobal
